
Microsoft Visual Studio Solution File, Format Version 12.00
# Visual Studio 15
VisualStudioVersion = 15.0.27703.2042
MinimumVisualStudioVersion = 10.0.40219.1
Project("{FAE04EC0-301F-11D3-BF4B-00C04F79EFBC}") = "ComputeHashGui", "ComputeHashGui\ComputeHashGui.csproj", "{1CD0E96F-D214-4FC7-BDFF-30A06112339B}"
EndProject
Global
	GlobalSection(SolutionConfigurationPlatforms) = preSolution
		Debug|Any CPU = Debug|Any CPU
		Release|Any CPU = Release|Any CPU
	EndGlobalSection
	GlobalSection(ProjectConfigurationPlatforms) = postSolution
		{1CD0E96F-D214-4FC7-BDFF-30A06112339B}.Debug|Any CPU.ActiveCfg = Debug|Any CPU
		{1CD0E96F-D214-4FC7-BDFF-30A06112339B}.Debug|Any CPU.Build.0 = Debug|Any CPU
		{1CD0E96F-D214-4FC7-BDFF-30A06112339B}.Release|Any CPU.ActiveCfg = Release|Any CPU
		{1CD0E96F-D214-4FC7-BDFF-30A06112339B}.Release|Any CPU.Build.0 = Release|Any CPU
	EndGlobalSection
	GlobalSection(SolutionProperties) = preSolution
		HideSolutionNode = FALSE
	EndGlobalSection
	GlobalSection(ExtensibilityGlobals) = postSolution
		SolutionGuid = {124FFAAB-B31B-407E-A1D4-02469464785A}
	EndGlobalSection
	GlobalSection(SourceCodeControl) = preSolution
		SccNumberOfProjects = 2
		SccLocalPath0 = .
		SccProjectUniqueName1 = ComputeHashGui\\ComputeHashGui.csproj
		SccLocalPath1 = .
		SccProjectFilePathRelativizedFromConnection1 = ComputeHashGui\\
	EndGlobalSection
EndGlobal
